
Microsoft Visual Studio Solution File, Format Version 12.00
# Visual Studio Version 16
VisualStudioVersion = 16.0.29418.71
MinimumVisualStudioVersion = 10.0.40219.1
Project("{9A19103F-16F7-4668-BE54-9A1E7A4F7556}") = "temple", "temple\temple.csproj", "{1F32112D-4F30-4CA5-8531-EEBB88933086}"
EndProject
Project("{9A19103F-16F7-4668-BE54-9A1E7A4F7556}") = "API", "API\API.csproj", "{9919DF35-68A3-4A44-8058-B5CD4C094697}"
EndProject
Global
	GlobalSection(SolutionConfigurationPlatforms) = preSolution
		Debug|Any CPU = Debug|Any CPU
		Release|Any CPU = Release|Any CPU
	EndGlobalSection
	GlobalSection(ProjectConfigurationPlatforms) = postSolution
		{1F32112D-4F30-4CA5-8531-EEBB88933086}.Debug|Any CPU.ActiveCfg = Debug|Any CPU
		{1F32112D-4F30-4CA5-8531-EEBB88933086}.Debug|Any CPU.Build.0 = Debug|Any CPU
		{1F32112D-4F30-4CA5-8531-EEBB88933086}.Release|Any CPU.ActiveCfg = Release|Any CPU
		{1F32112D-4F30-4CA5-8531-EEBB88933086}.Release|Any CPU.Build.0 = Release|Any CPU
		{9919DF35-68A3-4A44-8058-B5CD4C094697}.Debug|Any CPU.ActiveCfg = Debug|Any CPU
		{9919DF35-68A3-4A44-8058-B5CD4C094697}.Debug|Any CPU.Build.0 = Debug|Any CPU
		{9919DF35-68A3-4A44-8058-B5CD4C094697}.Release|Any CPU.ActiveCfg = Release|Any CPU
		{9919DF35-68A3-4A44-8058-B5CD4C094697}.Release|Any CPU.Build.0 = Release|Any CPU
	EndGlobalSection
	GlobalSection(SolutionProperties) = preSolution
		HideSolutionNode = FALSE
	EndGlobalSection
	GlobalSection(ExtensibilityGlobals) = postSolution
		SolutionGuid = {C9B79A1E-E10C-4FE1-BACA-8958408F78ED}
	EndGlobalSection
EndGlobal
